// !$*UTF8*$!
{
	archiveVersion = 1;
	classes = {
	};
	objectVersion = 55;
	objects = {

/* Begin PBXBuildFile section */
		53FC85B7C53C0DC49B70EC97 /* Pods_WeatherSiri.framework in Frameworks */ = {isa = PBXBuildFile; fileRef = C5733DBCD13B30E6BCB9C128 /* Pods_WeatherSiri.framework */; };
		AC013CB628B21A8100C8143A /* Private.swift in Sources */ = {isa = PBXBuildFile; fileRef = AC013CB528B21A8100C8143A /* Private.swift */; };
		AC013CB828B21BA500C8143A /* AssemblyWeatherSiri.swift in Sources */ = {isa = PBXBuildFile; fileRef = AC013CB728B21BA500C8143A /* AssemblyWeatherSiri.swift */; };
		AC6D11CA28B143A600C4FCD8 /* AppDelegate.swift in Sources */ = {isa = PBXBuildFile; fileRef = AC6D11C928B143A600C4FCD8 /* AppDelegate.swift */; };
		AC6D11CC28B143A600C4FCD8 /* SceneDelegate.swift in Sources */ = {isa = PBXBuildFile; fileRef = AC6D11CB28B143A600C4FCD8 /* SceneDelegate.swift */; };
		AC6D11CE28B143A600C4FCD8 /* MessagesViewController.swift in Sources */ = {isa = PBXBuildFile; fileRef = AC6D11CD28B143A600C4FCD8 /* MessagesViewController.swift */; };
		AC6D11D128B143A600C4FCD8 /* Main.storyboard in Resources */ = {isa = PBXBuildFile; fileRef = AC6D11CF28B143A600C4FCD8 /* Main.storyboard */; };
		AC6D11D328B143A700C4FCD8 /* Assets.xcassets in Resources */ = {isa = PBXBuildFile; fileRef = AC6D11D228B143A700C4FCD8 /* Assets.xcassets */; };
		AC6D11D628B143A700C4FCD8 /* LaunchScreen.storyboard in Resources */ = {isa = PBXBuildFile; fileRef = AC6D11D428B143A700C4FCD8 /* LaunchScreen.storyboard */; };
/* End PBXBuildFile section */

/* Begin PBXFileReference section */
		4429DE597F1DE5E04CD69400 /* Pods-WeatherSiri.release.xcconfig */ = {isa = PBXFileReference; includeInIndex = 1; lastKnownFileType = text.xcconfig; name = "Pods-WeatherSiri.release.xcconfig"; path = "Target Support Files/Pods-WeatherSiri/Pods-WeatherSiri.release.xcconfig"; sourceTree = "<group>"; };
		98753C2EC20615C74BDC32DC /* Pods-WeatherSiri.debug.xcconfig */ = {isa = PBXFileReference; includeInIndex = 1; lastKnownFileType = text.xcconfig; name = "Pods-WeatherSiri.debug.xcconfig"; path = "Target Support Files/Pods-WeatherSiri/Pods-WeatherSiri.debug.xcconfig"; sourceTree = "<group>"; };
		AC013CB528B21A8100C8143A /* Private.swift */ = {isa = PBXFileReference; lastKnownFileType = sourcecode.swift; path = Private.swift; sourceTree = "<group>"; };
		AC013CB728B21BA500C8143A /* AssemblyWeatherSiri.swift */ = {isa = PBXFileReference; lastKnownFileType = sourcecode.swift; path = AssemblyWeatherSiri.swift; sourceTree = "<group>"; };
		AC6D11C628B143A600C4FCD8 /* WeatherSiri.app */ = {isa = PBXFileReference; explicitFileType = wrapper.application; includeInIndex = 0; path = WeatherSiri.app; sourceTree = BUILT_PRODUCTS_DIR; };
		AC6D11C928B143A600C4FCD8 /* AppDelegate.swift */ = {isa = PBXFileReference; lastKnownFileType = sourcecode.swift; path = AppDelegate.swift; sourceTree = "<group>"; };
		AC6D11CB28B143A600C4FCD8 /* SceneDelegate.swift */ = {isa = PBXFileReference; lastKnownFileType = sourcecode.swift; path = SceneDelegate.swift; sourceTree = "<group>"; };
		AC6D11CD28B143A600C4FCD8 /* MessagesViewController.swift */ = {isa = PBXFileReference; lastKnownFileType = sourcecode.swift; path = MessagesViewController.swift; sourceTree = "<group>"; };
		AC6D11D028B143A600C4FCD8 /* Base */ = {isa = PBXFileReference; lastKnownFileType = file.storyboard; name = Base; path = Base.lproj/Main.storyboard; sourceTree = "<group>"; };
		AC6D11D228B143A700C4FCD8 /* Assets.xcassets */ = {isa = PBXFileReference; lastKnownFileType = folder.assetcatalog; path = Assets.xcassets; sourceTree = "<group>"; };
		AC6D11D528B143A700C4FCD8 /* Base */ = {isa = PBXFileReference; lastKnownFileType = file.storyboard; name = Base; path = Base.lproj/LaunchScreen.storyboard; sourceTree = "<group>"; };
		AC6D11D728B143A700C4FCD8 /* Info.plist */ = {isa = PBXFileReference; lastKnownFileType = text.plist.xml; path = Info.plist; sourceTree = "<group>"; };
		C5733DBCD13B30E6BCB9C128 /* Pods_WeatherSiri.framework */ = {isa = PBXFileReference; explicitFileType = wrapper.framework; includeInIndex = 0; path = Pods_WeatherSiri.framework; sourceTree = BUILT_PRODUCTS_DIR; };
/* End PBXFileReference section */

/* Begin PBXFrameworksBuildPhase section */
		AC6D11C328B143A600C4FCD8 /* Frameworks */ = {
			isa = PBXFrameworksBuildPhase;
			buildActionMask = 2147483647;
			files = (
				53FC85B7C53C0DC49B70EC97 /* Pods_WeatherSiri.framework in Frameworks */,
			);
			runOnlyForDeploymentPostprocessing = 0;
		};
/* End PBXFrameworksBuildPhase section */

/* Begin PBXGroup section */
		6E9F72983356E1A1A86C19CB /* Pods */ = {
			isa = PBXGroup;
			children = (
				98753C2EC20615C74BDC32DC /* Pods-WeatherSiri.debug.xcconfig */,
				4429DE597F1DE5E04CD69400 /* Pods-WeatherSiri.release.xcconfig */,
			);
			path = Pods;
			sourceTree = "<group>";
		};
		AC6D11BD28B143A600C4FCD8 = {
			isa = PBXGroup;
			children = (
				AC6D11C828B143A600C4FCD8 /* WeatherSiri */,
				AC6D11C728B143A600C4FCD8 /* Products */,
				6E9F72983356E1A1A86C19CB /* Pods */,
				F850269E2DC24ADF05EAEA26 /* Frameworks */,
			);
			sourceTree = "<group>";
		};
		AC6D11C728B143A600C4FCD8 /* Products */ = {
			isa = PBXGroup;
			children = (
				AC6D11C628B143A600C4FCD8 /* WeatherSiri.app */,
			);
			name = Products;
			sourceTree = "<group>";
		};
		AC6D11C828B143A600C4FCD8 /* WeatherSiri */ = {
			isa = PBXGroup;
			children = (
				AC013CB728B21BA500C8143A /* AssemblyWeatherSiri.swift */,
				AC6D11C928B143A600C4FCD8 /* AppDelegate.swift */,
				AC6D11CB28B143A600C4FCD8 /* SceneDelegate.swift */,
				AC6D11CD28B143A600C4FCD8 /* MessagesViewController.swift */,
				AC6D11CF28B143A600C4FCD8 /* Main.storyboard */,
				AC6D11D228B143A700C4FCD8 /* Assets.xcassets */,
				AC6D11D428B143A700C4FCD8 /* LaunchScreen.storyboard */,
				AC6D11D728B143A700C4FCD8 /* Info.plist */,
				AC013CB528B21A8100C8143A /* Private.swift */,
			);
			path = WeatherSiri;
			sourceTree = "<group>";
		};
		F850269E2DC24ADF05EAEA26 /* Frameworks */ = {
			isa = PBXGroup;
			children = (
				C5733DBCD13B30E6BCB9C128 /* Pods_WeatherSiri.framework */,
			);
			name = Frameworks;
			sourceTree = "<group>";
		};
/* End PBXGroup section */

/* Begin PBXNativeTarget section */
		AC6D11C528B143A600C4FCD8 /* WeatherSiri */ = {
			isa = PBXNativeTarget;
			buildConfigurationList = AC6D11DA28B143A700C4FCD8 /* Build configuration list for PBXNativeTarget "WeatherSiri" */;
			buildPhases = (
				AB28630F23776F29CDAED38E /* [CP] Check Pods Manifest.lock */,
				AC6D11C228B143A600C4FCD8 /* Sources */,
				AC6D11C328B143A600C4FCD8 /* Frameworks */,
				AC6D11C428B143A600C4FCD8 /* Resources */,
				07B3CB93CE32E5251D4C9045 /* [CP] Embed Pods Frameworks */,
			);
			buildRules = (
			);
			dependencies = (
			);
			name = WeatherSiri;
			productName = WeatherSiri;
			productReference = AC6D11C628B143A600C4FCD8 /* WeatherSiri.app */;
			productType = "com.apple.product-type.application";
		};
/* End PBXNativeTarget section */

/* Begin PBXProject section */
		AC6D11BE28B143A600C4FCD8 /* Project object */ = {
			isa = PBXProject;
			attributes = {
				BuildIndependentTargetsInParallel = 1;
				LastSwiftUpdateCheck = 1340;
				LastUpgradeCheck = 1340;
				TargetAttributes = {
					AC6D11C528B143A600C4FCD8 = {
						CreatedOnToolsVersion = 13.4.1;
					};
				};
			};
			buildConfigurationList = AC6D11C128B143A600C4FCD8 /* Build configuration list for PBXProject "WeatherSiri" */;
			compatibilityVersion = "Xcode 13.0";
			developmentRegion = en;
			hasScannedForEncodings = 0;
			knownRegions = (
				en,
				Base,
			);
			mainGroup = AC6D11BD28B143A600C4FCD8;
			productRefGroup = AC6D11C728B143A600C4FCD8 /* Products */;
			projectDirPath = "";
			projectRoot = "";
			targets = (
				AC6D11C528B143A600C4FCD8 /* WeatherSiri */,
			);
		};
/* End PBXProject section */

/* Begin PBXResourcesBuildPhase section */
		AC6D11C428B143A600C4FCD8 /* Resources */ = {
			isa = PBXResourcesBuildPhase;
			buildActionMask = 2147483647;
			files = (
				AC6D11D628B143A700C4FCD8 /* LaunchScreen.storyboard in Resources */,
				AC6D11D328B143A700C4FCD8 /* Assets.xcassets in Resources */,
				AC6D11D128B143A600C4FCD8 /* Main.storyboard in Resources */,
			);
			runOnlyForDeploymentPostprocessing = 0;
		};
/* End PBXResourcesBuildPhase section */

/* Begin PBXShellScriptBuildPhase section */
		07B3CB93CE32E5251D4C9045 /* [CP] Embed Pods Frameworks */ = {
			isa = PBXShellScriptBuildPhase;
			buildActionMask = 2147483647;
			files = (
			);
			inputFileListPaths = (
				"${PODS_ROOT}/Target Support Files/Pods-WeatherSiri/Pods-WeatherSiri-frameworks-${CONFIGURATION}-input-files.xcfilelist",
			);
			name = "[CP] Embed Pods Frameworks";
			outputFileListPaths = (
				"${PODS_ROOT}/Target Support Files/Pods-WeatherSiri/Pods-WeatherSiri-frameworks-${CONFIGURATION}-output-files.xcfilelist",
			);
			runOnlyForDeploymentPostprocessing = 0;
			shellPath = /bin/sh;
			shellScript = "\"${PODS_ROOT}/Target Support Files/Pods-WeatherSiri/Pods-WeatherSiri-frameworks.sh\"\n";
			showEnvVarsInLog = 0;
		};
		AB28630F23776F29CDAED38E /* [CP] Check Pods Manifest.lock */ = {
			isa = PBXShellScriptBuildPhase;
			buildActionMask = 2147483647;
			files = (
			);
			inputFileListPaths = (
			);
			inputPaths = (
				"${PODS_PODFILE_DIR_PATH}/Podfile.lock",
				"${PODS_ROOT}/Manifest.lock",
			);
			name = "[CP] Check Pods Manifest.lock";
			outputFileListPaths = (
			);
			outputPaths = (
				"$(DERIVED_FILE_DIR)/Pods-WeatherSiri-checkManifestLockResult.txt",
			);
			runOnlyForDeploymentPostprocessing = 0;
			shellPath = /bin/sh;
			shellScript = "diff \"${PODS_PODFILE_DIR_PATH}/Podfile.lock\" \"${PODS_ROOT}/Manifest.lock\" > /dev/null\nif [ $? != 0 ] ; then\n    # print error to STDERR\n    echo \"error: The sandbox is not in sync with the Podfile.lock. Run 'pod install' or update your CocoaPods installation.\" >&2\n    exit 1\nfi\n# This output is used by Xcode 'outputs' to avoid re-running this script phase.\necho \"SUCCESS\" > \"${SCRIPT_OUTPUT_FILE_0}\"\n";
			showEnvVarsInLog = 0;
		};
/* End PBXShellScriptBuildPhase section */

/* Begin PBXSourcesBuildPhase section */
		AC6D11C228B143A600C4FCD8 /* Sources */ = {
			isa = PBXSourcesBuildPhase;
			buildActionMask = 2147483647;
			files = (
				AC013CB828B21BA500C8143A /* AssemblyWeatherSiri.swift in Sources */,
				AC6D11CE28B143A600C4FCD8 /* MessagesViewController.swift in Sources */,
				AC6D11CA28B143A600C4FCD8 /* AppDelegate.swift in Sources */,
				AC6D11CC28B143A600C4FCD8 /* SceneDelegate.swift in Sources */,
				AC013CB628B21A8100C8143A /* Private.swift in Sources */,
			);
			runOnlyForDeploymentPostprocessing = 0;
		};
/* End PBXSourcesBuildPhase section */

/* Begin PBXVariantGroup section */
		AC6D11CF28B143A600C4FCD8 /* Main.storyboard */ = {
			isa = PBXVariantGroup;
			children = (
				AC6D11D028B143A600C4FCD8 /* Base */,
			);
			name = Main.storyboard;
			sourceTree = "<group>";
		};
		AC6D11D428B143A700C4FCD8 /* LaunchScreen.storyboard */ = {
			isa = PBXVariantGroup;
			children = (
				AC6D11D528B143A700C4FCD8 /* Base */,
			);
			name = LaunchScreen.storyboard;
			sourceTree = "<group>";
		};
/* End PBXVariantGroup section */

/* Begin XCBuildConfiguration section */
		AC6D11D828B143A700C4FCD8 /* Debug */ = {
			isa = XCBuildConfiguration;
			buildSettings = {
				ALWAYS_SEARCH_USER_PATHS = NO;
				CLANG_ANALYZER_NONNULL = YES;
				CLANG_ANALYZER_NUMBER_OBJECT_CONVERSION = YES_AGGRESSIVE;
				CLANG_CXX_LANGUAGE_STANDARD = "gnu++17";
				CLANG_ENABLE_MODULES = YES;
				CLANG_ENABLE_OBJC_ARC = YES;
				CLANG_ENABLE_OBJC_WEAK = YES;
				CLANG_WARN_BLOCK_CAPTURE_AUTORELEASING = YES;
				CLANG_WARN_BOOL_CONVERSION = YES;
				CLANG_WARN_COMMA = YES;
				CLANG_WARN_CONSTANT_CONVERSION = YES;
				CLANG_WARN_DEPRECATED_OBJC_IMPLEMENTATIONS = YES;
				CLANG_WARN_DIRECT_OBJC_ISA_USAGE = YES_ERROR;
				CLANG_WARN_DOCUMENTATION_COMMENTS = YES;
				CLANG_WARN_EMPTY_BODY = YES;
				CLANG_WARN_ENUM_CONVERSION = YES;
				CLANG_WARN_INFINITE_RECURSION = YES;
				CLANG_WARN_INT_CONVERSION = YES;
				CLANG_WARN_NON_LITERAL_NULL_CONVERSION = YES;
				CLANG_WARN_OBJC_IMPLICIT_RETAIN_SELF = YES;
				CLANG_WARN_OBJC_LITERAL_CONVERSION = YES;
				CLANG_WARN_OBJC_ROOT_CLASS = YES_ERROR;
				CLANG_WARN_QUOTED_INCLUDE_IN_FRAMEWORK_HEADER = YES;
				CLANG_WARN_RANGE_LOOP_ANALYSIS = YES;
				CLANG_WARN_STRICT_PROTOTYPES = YES;
				CLANG_WARN_SUSPICIOUS_MOVE = YES;
				CLANG_WARN_UNGUARDED_AVAILABILITY = YES_AGGRESSIVE;
				CLANG_WARN_UNREACHABLE_CODE = YES;
				CLANG_WARN__DUPLICATE_METHOD_MATCH = YES;
				COPY_PHASE_STRIP = NO;
				DEBUG_INFORMATION_FORMAT = dwarf;
				ENABLE_STRICT_OBJC_MSGSEND = YES;
				ENABLE_TESTABILITY = YES;
				GCC_C_LANGUAGE_STANDARD = gnu11;
				GCC_DYNAMIC_NO_PIC = NO;
				GCC_NO_COMMON_BLOCKS = YES;
				GCC_OPTIMIZATION_LEVEL = 0;
				GCC_PREPROCESSOR_DEFINITIONS = (
					"DEBUG=1",
					"$(inherited)",
				);
				GCC_WARN_64_TO_32_BIT_CONVERSION = YES;
				GCC_WARN_ABOUT_RETURN_TYPE = YES_ERROR;
				GCC_WARN_UNDECLARED_SELECTOR = YES;
				GCC_WARN_UNINITIALIZED_AUTOS = YES_AGGRESSIVE;
				GCC_WARN_UNUSED_FUNCTION = YES;
				GCC_WARN_UNUSED_VARIABLE = YES;
				IPHONEOS_DEPLOYMENT_TARGET = 15.0;
				MTL_ENABLE_DEBUG_INFO = INCLUDE_SOURCE;
				MTL_FAST_MATH = YES;
				ONLY_ACTIVE_ARCH = YES;
				SDKROOT = iphoneos;
				SWIFT_ACTIVE_COMPILATION_CONDITIONS = DEBUG;
				SWIFT_OPTIMIZATION_LEVEL = "-Onone";
			};
			name = Debug;
		};
		AC6D11D928B143A700C4FCD8 /* Release */ = {
			isa = XCBuildConfiguration;
			buildSettings = {
				ALWAYS_SEARCH_USER_PATHS = NO;
				CLANG_ANALYZER_NONNULL = YES;
				CLANG_ANALYZER_NUMBER_OBJECT_CONVERSION = YES_AGGRESSIVE;
				CLANG_CXX_LANGUAGE_STANDARD = "gnu++17";
				CLANG_ENABLE_MODULES = YES;
				CLANG_ENABLE_OBJC_ARC = YES;
				CLANG_ENABLE_OBJC_WEAK = YES;
				CLANG_WARN_BLOCK_CAPTURE_AUTORELEASING = YES;
				CLANG_WARN_BOOL_CONVERSION = YES;
				CLANG_WARN_COMMA = YES;
				CLANG_WARN_CONSTANT_CONVERSION = YES;
				CLANG_WARN_DEPRECATED_OBJC_IMPLEMENTATIONS = YES;
				CLANG_WARN_DIRECT_OBJC_ISA_USAGE = YES_ERROR;
				CLANG_WARN_DOCUMENTATION_COMMENTS = YES;
				CLANG_WARN_EMPTY_BODY = YES;
				CLANG_WARN_ENUM_CONVERSION = YES;
				CLANG_WARN_INFINITE_RECURSION = YES;
				CLANG_WARN_INT_CONVERSION = YES;
				CLANG_WARN_NON_LITERAL_NULL_CONVERSION = YES;
				CLANG_WARN_OBJC_IMPLICIT_RETAIN_SELF = YES;
				CLANG_WARN_OBJC_LITERAL_CONVERSION = YES;
				CLANG_WARN_OBJC_ROOT_CLASS = YES_ERROR;
				CLANG_WARN_QUOTED_INCLUDE_IN_FRAMEWORK_HEADER = YES;
				CLANG_WARN_RANGE_LOOP_ANALYSIS = YES;
				CLANG_WARN_STRICT_PROTOTYPES = YES;
				CLANG_WARN_SUSPICIOUS_MOVE = YES;
				CLANG_WARN_UNGUARDED_AVAILABILITY = YES_AGGRESSIVE;
				CLANG_WARN_UNREACHABLE_CODE = YES;
				CLANG_WARN__DUPLICATE_METHOD_MATCH = YES;
				COPY_PHASE_STRIP = NO;
				DEBUG_INFORMATION_FORMAT = "dwarf-with-dsym";
				ENABLE_NS_ASSERTIONS = NO;
				ENABLE_STRICT_OBJC_MSGSEND = YES;
				GCC_C_LANGUAGE_STANDARD = gnu11;
				GCC_NO_COMMON_BLOCKS = YES;
				GCC_WARN_64_TO_32_BIT_CONVERSION = YES;
				GCC_WARN_ABOUT_RETURN_TYPE = YES_ERROR;
				GCC_WARN_UNDECLARED_SELECTOR = YES;
				GCC_WARN_UNINITIALIZED_AUTOS = YES_AGGRESSIVE;
				GCC_WARN_UNUSED_FUNCTION = YES;
				GCC_WARN_UNUSED_VARIABLE = YES;
				IPHONEOS_DEPLOYMENT_TARGET = 15.0;
				MTL_ENABLE_DEBUG_INFO = NO;
				MTL_FAST_MATH = YES;
				SDKROOT = iphoneos;
				SWIFT_COMPILATION_MODE = wholemodule;
				SWIFT_OPTIMIZATION_LEVEL = "-O";
				VALIDATE_PRODUCT = YES;
			};
			name = Release;
		};
		AC6D11DB28B143A700C4FCD8 /* Debug */ = {
			isa = XCBuildConfiguration;
			baseConfigurationReference = 98753C2EC20615C74BDC32DC /* Pods-WeatherSiri.debug.xcconfig */;
			buildSettings = {
				ASSETCATALOG_COMPILER_APPICON_NAME = AppIcon;
				ASSETCATALOG_COMPILER_GLOBAL_ACCENT_COLOR_NAME = AccentColor;
				CODE_SIGN_STYLE = Automatic;
				CURRENT_PROJECT_VERSION = 1;
				DEVELOPMENT_TEAM = VTP9H54JX3;
				GENERATE_INFOPLIST_FILE = YES;
				INFOPLIST_FILE = WeatherSiri/Info.plist;
				INFOPLIST_KEY_UIApplicationSupportsIndirectInputEvents = YES;
				INFOPLIST_KEY_UILaunchStoryboardName = LaunchScreen;
				INFOPLIST_KEY_UIMainStoryboardFile = Main;
				INFOPLIST_KEY_UISupportedInterfaceOrientations_iPad = "UIInterfaceOrientationPortrait UIInterfaceOrientationPortraitUpsideDown UIInterfaceOrientationLandscapeLeft UIInterfaceOrientationLandscapeRight";
				INFOPLIST_KEY_UISupportedInterfaceOrientations_iPhone = "UIInterfaceOrientationPortrait UIInterfaceOrientationLandscapeLeft UIInterfaceOrientationLandscapeRight";
				IPHONEOS_DEPLOYMENT_TARGET = 15.0;
				LD_RUNPATH_SEARCH_PATHS = (
					"$(inherited)",
					"@executable_path/Frameworks",
				);
				MARKETING_VERSION = 1.0;
				PRODUCT_BUNDLE_IDENTIFIER = me.avsrb.WeatherSiri;
				PRODUCT_NAME = "$(TARGET_NAME)";
				SWIFT_EMIT_LOC_STRINGS = YES;
				SWIFT_VERSION = 5.0;
				TARGETED_DEVICE_FAMILY = "1,2";
			};
			name = Debug;
		};
		AC6D11DC28B143A700C4FCD8 /* Release */ = {
			isa = XCBuildConfiguration;
			baseConfigurationReference = 4429DE597F1DE5E04CD69400 /* Pods-WeatherSiri.release.xcconfig */;
			buildSettings = {
				ASSETCATALOG_COMPILER_APPICON_NAME = AppIcon;
				ASSETCATALOG_COMPILER_GLOBAL_ACCENT_COLOR_NAME = AccentColor;
				CODE_SIGN_STYLE = Automatic;
				CURRENT_PROJECT_VERSION = 1;
				DEVELOPMENT_TEAM = VTP9H54JX3;
				GENERATE_INFOPLIST_FILE = YES;
				INFOPLIST_FILE = WeatherSiri/Info.plist;
				INFOPLIST_KEY_UIApplicationSupportsIndirectInputEvents = YES;
				INFOPLIST_KEY_UILaunchStoryboardName = LaunchScreen;
				INFOPLIST_KEY_UIMainStoryboardFile = Main;
				INFOPLIST_KEY_UISupportedInterfaceOrientations_iPad = "UIInterfaceOrientationPortrait UIInterfaceOrientationPortraitUpsideDown UIInterfaceOrientationLandscapeLeft UIInterfaceOrientationLandscapeRight";
				INFOPLIST_KEY_UISupportedInterfaceOrientations_iPhone = "UIInterfaceOrientationPortrait UIInterfaceOrientationLandscapeLeft UIInterfaceOrientationLandscapeRight";
				IPHONEOS_DEPLOYMENT_TARGET = 15.0;
				LD_RUNPATH_SEARCH_PATHS = (
					"$(inherited)",
					"@executable_path/Frameworks",
				);
				MARKETING_VERSION = 1.0;
				PRODUCT_BUNDLE_IDENTIFIER = me.avsrb.WeatherSiri;
				PRODUCT_NAME = "$(TARGET_NAME)";
				SWIFT_EMIT_LOC_STRINGS = YES;
				SWIFT_VERSION = 5.0;
				TARGETED_DEVICE_FAMILY = "1,2";
			};
			name = Release;
		};
/* End XCBuildConfiguration section */

/* Begin XCConfigurationList section */
		AC6D11C128B143A600C4FCD8 /* Build configuration list for PBXProject "WeatherSiri" */ = {
			isa = XCConfigurationList;
			buildConfigurations = (
				AC6D11D828B143A700C4FCD8 /* Debug */,
				AC6D11D928B143A700C4FCD8 /* Release */,
			);
			defaultConfigurationIsVisible = 0;
			defaultConfigurationName = Release;
		};
		AC6D11DA28B143A700C4FCD8 /* Build configuration list for PBXNativeTarget "WeatherSiri" */ = {
			isa = XCConfigurationList;
			buildConfigurations = (
				AC6D11DB28B143A700C4FCD8 /* Debug */,
				AC6D11DC28B143A700C4FCD8 /* Release */,
			);
			defaultConfigurationIsVisible = 0;
			defaultConfigurationName = Release;
		};
/* End XCConfigurationList section */
	};
	rootObject = AC6D11BE28B143A600C4FCD8 /* Project object */;
}
